lockfileVersion: '6.0'

settings:
  autoInstallPeers: true
  excludeLinksFromLockfile: false

dependencies:
  node-html-parser:
    specifier: ^6.1.5
    version: 6.1.5

devDependencies:
  '@types/node':
    specifier: ^20.4.10
    version: 20.4.10
  '@xnuk/tsconfig':
    specifier: ^3.0.0
    version: 3.0.0(typescript@5.1.6)
  esbuild:
    specifier: ^0.19.1
    version: 0.19.1
  prettier:
    specifier: ^3.0.1
    version: 3.0.1
  typescript:
    specifier: ^5.1.6
    version: 5.1.6

packages:

  /@esbuild/android-arm64@0.19.1:
    resolution: {integrity: sha512-CqhrKvDSt76I0so/5afqgKrMv41FjbfUKFrcZddMnrZKqJU70I1MWLVJrImJuYMaY4Yb9rn4UKfF7oZ0BOleVw==}
    engines: {node: '>=12'}
    cpu: [arm64]
    os: [android]
    requiresBuild: true
    dev: true
    optional: true

  /@esbuild/android-arm@0.19.1:
    resolution: {integrity: sha512-yjTucwcOua52z14RL30JMwmCdylsQ5WrErGkAb6VL0MWPbnwJyLejydaRcUqkPO6g0MowlzavdxrR7AcfCW+yA==}
    engines: {node: '>=12'}
    cpu: [arm]
    os: [android]
    requiresBuild: true
    dev: true
    optional: true

  /@esbuild/android-x64@0.19.1:
    resolution: {integrity: sha512-VA29h01MrPkymIL1bFtvL2L4WPogiMGW2N/M+vXZHHOv6LgA9vjzVskTt0v5LjeCjx1PFDcR0ASKy8Y7Gm+iIA==}
    engines: {node: '>=12'}
    cpu: [x64]
    os: [android]
    requiresBuild: true
    dev: true
    optional: true

  /@esbuild/darwin-arm64@0.19.1:
    resolution: {integrity: sha512-Be4Cf6WDH7QkLHEpfzQOlBOFdqmqYTSqw2yG3SVmzB3++wy3K7wiNGedezL+q6Jb4weqT9tchO5kkLDC08Jnzg==}
    engines: {node: '>=12'}
    cpu: [arm64]
    os: [darwin]
    requiresBuild: true
    dev: true
    optional: true

  /@esbuild/darwin-x64@0.19.1:
    resolution: {integrity: sha512-SewtenJi6zCEfZRSUchb+LgJ/IQw8QvnKECPu/qHII1fLQKnVPUVR+VH2IuS03DD9WWnAi3yfOvBNwtrp3WXtg==}
    engines: {node: '>=12'}
    cpu: [x64]
    os: [darwin]
    requiresBuild: true
    dev: true
    optional: true

  /@esbuild/freebsd-arm64@0.19.1:
    resolution: {integrity: sha512-TadKO0AaTDAPV2RyGZQ0AaiDTVYg7RsgNaA6OJjXXmoLbTs++NwHtzAmVFBq8Q/P9A11wgkv36HeyAYhWHbW1w==}
    engines: {node: '>=12'}
    cpu: [arm64]
    os: [freebsd]
    requiresBuild: true
    dev: true
    optional: true

  /@esbuild/freebsd-x64@0.19.1:
    resolution: {integrity: sha512-DrFMGLF0/aAcZgwhtZr1cby7aHlalpFjLCe5CiI8mm0Kqhhc8gyNZKreaZzvir8CQe0H17p9xx6M9ben5R3r0g==}
    engines: {node: '>=12'}
    cpu: [x64]
    os: [freebsd]
    requiresBuild: true
    dev: true
    optional: true

  /@esbuild/linux-arm64@0.19.1:
    resolution: {integrity: sha512-6ku/R2EzsdjyBaqQn+xGOPbv+BBYBXQYzlA04/46YQLmXkdApi0GYyUwiCXYBxm578iyywzGmM0rep1/q8tuFQ==}
    engines: {node: '>=12'}
    cpu: [arm64]
    os: [linux]
    requiresBuild: true
    dev: true
    optional: true

  /@esbuild/linux-arm@0.19.1:
    resolution: {integrity: sha512-lCWDVPpQO/Dt5MEqctKujgtUVmwQx7J2Q83EqX/9BejN7BIX4fGJ0QKMiIyy21PFh+/64ArN+Ovh1tzYkTt2wg==}
    engines: {node: '>=12'}
    cpu: [arm]
    os: [linux]
    requiresBuild: true
    dev: true
    optional: true

  /@esbuild/linux-ia32@0.19.1:
    resolution: {integrity: sha512-8AKFBk9v/zBDsADvK/0BWZUxkjEc0QDwO8rvbHJKqAZx6DF/VSeBxTRmqWeecrJmx+n3kemEwML9z0eD9IHweQ==}
    engines: {node: '>=12'}
    cpu: [ia32]
    os: [linux]
    requiresBuild: true
    dev: true
    optional: true

  /@esbuild/linux-loong64@0.19.1:
    resolution: {integrity: sha512-6mOS5CxTGD8qOymp2y4KoM4ir+/REgjdJQFYpwP+WqjrWBo+PUevDGeHHjzCdw/R19PkFqS1bRzv8cTCmB/5kA==}
    engines: {node: '>=12'}
    cpu: [loong64]
    os: [linux]
    requiresBuild: true
    dev: true
    optional: true

  /@esbuild/linux-mips64el@0.19.1:
    resolution: {integrity: sha512-Bzmv6rRMzR4ErG2k/jwfj5jKNzVMVEI1tThuirFdAoE+duUv+jlDnlwxsN3s1eqMzADTOV2sSIcUUOfgv++Dgg==}
    engines: {node: '>=12'}
    cpu: [mips64el]
    os: [linux]
    requiresBuild: true
    dev: true
    optional: true

  /@esbuild/linux-ppc64@0.19.1:
    resolution: {integrity: sha512-mPOxA7bd3nmx8TkuO/9M/tE0fnvmuX0wlpwnTL6DPLgkb/Z/KkupexSIw4cLfznn/fPzD89y17VWBjlVNyrpCQ==}
    engines: {node: '>=12'}
    cpu: [ppc64]
    os: [linux]
    requiresBuild: true
    dev: true
    optional: true

  /@esbuild/linux-riscv64@0.19.1:
    resolution: {integrity: sha512-znYb2Mhe9xKIDeIYuTD6vCcUltvYzRT5Yq6sVcdhPrGu8DRdsNZS04B2tSeM+j7T03jL4yY+7/G/jxSJJ9LX2A==}
    engines: {node: '>=12'}
    cpu: [riscv64]
    os: [linux]
    requiresBuild: true
    dev: true
    optional: true

  /@esbuild/linux-s390x@0.19.1:
    resolution: {integrity: sha512-BBIE32cyqAYhMOQ42/jnecoF5P/S5lMob2vXSUiFpD3xCFbXOFkjP1OjfFKnalSO9+B5emvPTQFfNQXuLeVGEw==}
    engines: {node: '>=12'}
    cpu: [s390x]
    os: [linux]
    requiresBuild: true
    dev: true
    optional: true

  /@esbuild/linux-x64@0.19.1:
    resolution: {integrity: sha512-PoCvKdHTIbnHmVJ5OEdewGMSw40HDFRTrC/imwh8vrp695RbSUpOqBqNBT45neK0FQleGFbSE/A9X6HlXPDhqA==}
    engines: {node: '>=12'}
    cpu: [x64]
    os: [linux]
    requiresBuild: true
    dev: true
    optional: true

  /@esbuild/netbsd-x64@0.19.1:
    resolution: {integrity: sha512-4OrGMPorHCq9h52VLtyyyAmPjC2ZlANx54VDYyCrqXUOi+k0qxnPKXKKprVES67w2mE7TZJx9qZmT+jHeiZbHQ==}
    engines: {node: '>=12'}
    cpu: [x64]
    os: [netbsd]
    requiresBuild: true
    dev: true
    optional: true

  /@esbuild/openbsd-x64@0.19.1:
    resolution: {integrity: sha512-3a7ZYMjBC4P3FKdTmUZHJw7Mhzp71m+iSFFhX1PnLZ03qmyaB2K+vJZCk4PjRjAvm5lSupJQQtM/AFMyLgKlxQ==}
    engines: {node: '>=12'}
    cpu: [x64]
    os: [openbsd]
    requiresBuild: true
    dev: true
    optional: true

  /@esbuild/sunos-x64@0.19.1:
    resolution: {integrity: sha512-29yWBN5XfEjXT8yoeVb8cXfN1jAQLB+uskog1vBMhFR+YWOYvsrwPnh4hspETC/JnF95J+iETrvxgOUlICTWIw==}
    engines: {node: '>=12'}
    cpu: [x64]
    os: [sunos]
    requiresBuild: true
    dev: true
    optional: true

  /@esbuild/win32-arm64@0.19.1:
    resolution: {integrity: sha512-9Hb/WUXgyXlL55w3iNVyLkN9gq9x+agv3kk80foWbfpOwe7Qw4Vx6JGB+XQdsIfvvP1kShVQPIvBgVj0TxLlVw==}
    engines: {node: '>=12'}
    cpu: [arm64]
    os: [win32]
    requiresBuild: true
    dev: true
    optional: true

  /@esbuild/win32-ia32@0.19.1:
    resolution: {integrity: sha512-VGdtEcXX/f01NgoM8emDnpdOyrZCQ7VTwLv89MOl3mvJ5fbCOBMNCa8t7RZS4lf12RS87qOuJFX7Bh9aLTbSxg==}
    engines: {node: '>=12'}
    cpu: [ia32]
    os: [win32]
    requiresBuild: true
    dev: true
    optional: true

  /@esbuild/win32-x64@0.19.1:
    resolution: {integrity: sha512-H6u8OHmJkKJubLbukVOyi9yA5lzK8VE4TFEkZj2vgusTUPvFeMQ8YnWviVc9F6PuKS6ZIpOvi2/sfiW8tQZQ2g==}
    engines: {node: '>=12'}
    cpu: [x64]
    os: [win32]
    requiresBuild: true
    dev: true
    optional: true

  /@types/node@20.4.10:
    resolution: {integrity: sha512-vwzFiiy8Rn6E0MtA13/Cxxgpan/N6UeNYR9oUu6kuJWxu6zCk98trcDp8CBhbtaeuq9SykCmXkFr2lWLoPcvLg==}
    dev: true

  /@xnuk/tsconfig@3.0.0(typescript@5.1.6):
    resolution: {integrity: sha512-hMKQtNum5iKWR0RA1Eid1CvL8/u0ZH8vqgCTajoOQ2z4RPOj3XzQ7xcQa2AK4DvRGEpniPCimngIGugi3tEUkQ==}
    peerDependencies:
      typescript: '>= 5.0'
    dependencies:
      typescript: 5.1.6
    dev: true

  /boolbase@1.0.0:
    resolution: {integrity: sha512-JZOSA7Mo9sNGB8+UjSgzdLtokWAky1zbztM3WRLCbZ70/3cTANmQmOdR7y2g+J0e2WXywy1yS468tY+IruqEww==}
    dev: false

  /css-select@5.1.0:
    resolution: {integrity: sha512-nwoRF1rvRRnnCqqY7updORDsuqKzqYJ28+oSMaJMMgOauh3fvwHqMS7EZpIPqK8GL+g9mKxF1vP/ZjSeNjEVHg==}
    dependencies:
      boolbase: 1.0.0
      css-what: 6.1.0
      domhandler: 5.0.3
      domutils: 3.1.0
      nth-check: 2.1.1
    dev: false

  /css-what@6.1.0:
    resolution: {integrity: sha512-HTUrgRJ7r4dsZKU6GjmpfRK1O76h97Z8MfS1G0FozR+oF2kG6Vfe8JE6zwrkbxigziPHinCJ+gCPjA9EaBDtRw==}
    engines: {node: '>= 6'}
    dev: false

  /dom-serializer@2.0.0:
    resolution: {integrity: sha512-wIkAryiqt/nV5EQKqQpo3SToSOV9J0DnbJqwK7Wv/Trc92zIAYZ4FlMu+JPFW1DfGFt81ZTCGgDEabffXeLyJg==}
    dependencies:
      domelementtype: 2.3.0
      domhandler: 5.0.3
      entities: 4.5.0
    dev: false

  /domelementtype@2.3.0:
    resolution: {integrity: sha512-OLETBj6w0OsagBwdXnPdN0cnMfF9opN69co+7ZrbfPGrdpPVNBUj02spi6B1N7wChLQiPn4CSH/zJvXw56gmHw==}
    dev: false

  /domhandler@5.0.3:
    resolution: {integrity: sha512-cgwlv/1iFQiFnU96XXgROh8xTeetsnJiDsTc7TYCLFd9+/WNkIqPTxiM/8pSd8VIrhXGTf1Ny1q1hquVqDJB5w==}
    engines: {node: '>= 4'}
    dependencies:
      domelementtype: 2.3.0
    dev: false

  /domutils@3.1.0:
    resolution: {integrity: sha512-H78uMmQtI2AhgDJjWeQmHwJJ2bLPD3GMmO7Zja/ZZh84wkm+4ut+IUnUdRa8uCGX88DiVx1j6FRe1XfxEgjEZA==}
    dependencies:
      dom-serializer: 2.0.0
      domelementtype: 2.3.0
      domhandler: 5.0.3
    dev: false

  /entities@4.5.0:
    resolution: {integrity: sha512-V0hjH4dGPh9Ao5p0MoRY6BVqtwCjhz6vI5LT8AJ55H+4g9/4vbHx1I54fS0XuclLhDHArPQCiMjDxjaL8fPxhw==}
    engines: {node: '>=0.12'}
    dev: false

  /esbuild@0.19.1:
    resolution: {integrity: sha512-IknHHwV4B/H4imOAu+416fuCvPfRjdncoyGi7eunhSvHuHkdNs50sLWan2LEG2Mym07TuW6gJUIyRS9G1miHEg==}
    engines: {node: '>=12'}
    hasBin: true
    requiresBuild: true
    optionalDependencies:
      '@esbuild/android-arm': 0.19.1
      '@esbuild/android-arm64': 0.19.1
      '@esbuild/android-x64': 0.19.1
      '@esbuild/darwin-arm64': 0.19.1
      '@esbuild/darwin-x64': 0.19.1
      '@esbuild/freebsd-arm64': 0.19.1
      '@esbuild/freebsd-x64': 0.19.1
      '@esbuild/linux-arm': 0.19.1
      '@esbuild/linux-arm64': 0.19.1
      '@esbuild/linux-ia32': 0.19.1
      '@esbuild/linux-loong64': 0.19.1
      '@esbuild/linux-mips64el': 0.19.1
      '@esbuild/linux-ppc64': 0.19.1
      '@esbuild/linux-riscv64': 0.19.1
      '@esbuild/linux-s390x': 0.19.1
      '@esbuild/linux-x64': 0.19.1
      '@esbuild/netbsd-x64': 0.19.1
      '@esbuild/openbsd-x64': 0.19.1
      '@esbuild/sunos-x64': 0.19.1
      '@esbuild/win32-arm64': 0.19.1
      '@esbuild/win32-ia32': 0.19.1
      '@esbuild/win32-x64': 0.19.1
    dev: true

  /he@1.2.0:
    resolution: {integrity: sha512-F/1DnUGPopORZi0ni+CvrCgHQ5FyEAHRLSApuYWMmrbSwoN2Mn/7k+Gl38gJnR7yyDZk6WLXwiGod1JOWNDKGw==}
    hasBin: true
    dev: false

  /node-html-parser@6.1.5:
    resolution: {integrity: sha512-fAaM511feX++/Chnhe475a0NHD8M7AxDInsqQpz6x63GRF7xYNdS8Vo5dKsIVPgsOvG7eioRRTZQnWBrhDHBSg==}
    dependencies:
      css-select: 5.1.0
      he: 1.2.0
    dev: false

  /nth-check@2.1.1:
    resolution: {integrity: sha512-lqjrjmaOoAnWfMmBPL+XNnynZh2+swxiX3WUE0s4yEHI6m+AwrK2UZOimIRl3X/4QctVqS8AiZjFqyOGrMXb/w==}
    dependencies:
      boolbase: 1.0.0
    dev: false

  /prettier@3.0.1:
    resolution: {integrity: sha512-fcOWSnnpCrovBsmFZIGIy9UqK2FaI7Hqax+DIO0A9UxeVoY4iweyaFjS5TavZN97Hfehph0nhsZnjlVKzEQSrQ==}
    engines: {node: '>=14'}
    hasBin: true
    dev: true

  /typescript@5.1.6:
    resolution: {integrity: sha512-zaWCozRZ6DLEWAWFrVDz1H6FVXzUSfTy5FUMWsQlU8Ym5JP9eO4xkTIROFCQvhQf61z6O/G6ugw3SgAnvvm+HA==}
    engines: {node: '>=14.17'}
    hasBin: true
    dev: true
